
Microsoft Visual Studio Solution File, Format Version 12.00
# Visual Studio 15
Project("{FAE04EC0-301F-11D3-BF4B-00C04F79EFBC}") = "Assembly-CSharp", "Assembly-CSharp.csproj", "{699CC6AF-B3C2-4053-2120-17716CB5B629}"
EndProject
Project("{FAE04EC0-301F-11D3-BF4B-00C04F79EFBC}") = "Assembly-CSharp-Editor", "Assembly-CSharp-Editor.csproj", "{D8B47687-2C86-8E22-C2C9-4F37990BFFF0}"
EndProject
Global
	GlobalSection(SolutionConfigurationPlatforms) = preSolution
		Debug|Any CPU = Debug|Any CPU
		Release|Any CPU = Release|Any CPU
	EndGlobalSection
	GlobalSection(ProjectConfigurationPlatforms) = postSolution
		{699CC6AF-B3C2-4053-2120-17716CB5B629}.Debug|Any CPU.ActiveCfg = Debug|Any CPU
		{699CC6AF-B3C2-4053-2120-17716CB5B629}.Debug|Any CPU.Build.0 = Debug|Any CPU
		{699CC6AF-B3C2-4053-2120-17716CB5B629}.Release|Any CPU.ActiveCfg = Release|Any CPU
		{699CC6AF-B3C2-4053-2120-17716CB5B629}.Release|Any CPU.Build.0 = Release|Any CPU
		{D8B47687-2C86-8E22-C2C9-4F37990BFFF0}.Debug|Any CPU.ActiveCfg = Debug|Any CPU
		{D8B47687-2C86-8E22-C2C9-4F37990BFFF0}.Debug|Any CPU.Build.0 = Debug|Any CPU
		{D8B47687-2C86-8E22-C2C9-4F37990BFFF0}.Release|Any CPU.ActiveCfg = Release|Any CPU
		{D8B47687-2C86-8E22-C2C9-4F37990BFFF0}.Release|Any CPU.Build.0 = Release|Any CPU
	EndGlobalSection
	GlobalSection(SolutionProperties) = preSolution
		HideSolutionNode = FALSE
	EndGlobalSection
EndGlobal
